{
  "pins" : [
    {
      "identity" : "skip",
      "kind" : "remoteSourceControl",
      "location" : "https://source.skip.tools/skip.git",
      "state" : {
        "branch" : "main",
        "revision" : "f7c1e82bc4731a11fc456fe9a53b8807ef9efcd7"
      }
    },
    {
      "identity" : "skip-foundation",
      "kind" : "remoteSourceControl",
      "location" : "https://source.skip.tools/skip-foundation.git",
      "state" : {
        "branch" : "main",
        "revision" : "d950fadb16df7c1ceb35432b4f5510b7f9a24b0e"
      }
    },
    {
      "identity" : "skip-lib",
      "kind" : "remoteSourceControl",
      "location" : "https://source.skip.tools/skip-lib.git",
      "state" : {
        "revision" : "112874f0222f4815798c924e2b299ba23eb53111",
        "version" : "1.3.8"
      }
    },
    {
      "identity" : "skip-model",
      "kind" : "remoteSourceControl",
      "location" : "https://source.skip.tools/skip-model.git",
      "state" : {
        "revision" : "9636e2a3a1dac662cbe04600e5d6a9e0914c4723",
        "version" : "1.7.1"
      }
    },
    {
      "identity" : "skip-ui",
      "kind" : "remoteSourceControl",
      "location" : "https://source.skip.tools/skip-ui.git",
      "state" : {
        "branch" : "main",
        "revision" : "3d09718411e604d37ad0f308e90003e2d9305455"
      }
    },
    {
      "identity" : "skip-unit",
      "kind" : "remoteSourceControl",
      "location" : "https://source.skip.tools/skip-unit.git",
      "state" : {
        "revision" : "646b528c7c7bad2edb1e73747d6b280b54e128a2",
        "version" : "1.5.0"
      }
    },
    {
      "identity" : "skip-web",
      "kind" : "remoteSourceControl",
      "location" : "https://source.skip.tools/skip-web.git",
      "state" : {
        "branch" : "main",
        "revision" : "eb238e548556275b5152e095b3d8f4a9322e5199"
      }
    }
  ],
  "version" : 2
}
